// !$*UTF8*$!
{
	archiveVersion = 1;
	classes = {
	};
	objectVersion = 52;
	objects = {

/* Begin PBXBuildFile section */
		A50798A75793EBB19102085C /* libPods-EnglishJourney_2.a in Frameworks */ = {isa = PBXBuildFile; fileRef = E2087F6326229809F9941F32 /* libPods-EnglishJourney_2.a */; };
		FA065EB22664163E00579460 /* GoogleService-Info.plist in Resources */ = {isa = PBXBuildFile; fileRef = FA065EB12664163E00579460 /* GoogleService-Info.plist */; };
		FA11EE1C26618F4D00B61171 /* LogInVC.swift in Sources */ = {isa = PBXBuildFile; fileRef = FA11EE1B26618F4D00B61171 /* LogInVC.swift */; };
		FA11EE212662479D00B61171 /* UserProfileVC.swift in Sources */ = {isa = PBXBuildFile; fileRef = FA11EE202662479D00B61171 /* UserProfileVC.swift */; };
		FA28022B265E3CEF00BE51E3 /* CardLessonVC.swift in Sources */ = {isa = PBXBuildFile; fileRef = FA28022A265E3CEF00BE51E3 /* CardLessonVC.swift */; };
		FA36602826628E5C00A69B37 /* SignUpVC.swift in Sources */ = {isa = PBXBuildFile; fileRef = FA36602726628E5C00A69B37 /* SignUpVC.swift */; };
		FA36602D266399EF00A69B37 /* StringExtension.swift in Sources */ = {isa = PBXBuildFile; fileRef = FA36602C266399EF00A69B37 /* StringExtension.swift */; };
		FA3660302663A20B00A69B37 /* Alert.swift in Sources */ = {isa = PBXBuildFile; fileRef = FA36602F2663A20B00A69B37 /* Alert.swift */; };
		FA3660332663B1BD00A69B37 /* UIButton.swift in Sources */ = {isa = PBXBuildFile; fileRef = FA3660322663B1BD00A69B37 /* UIButton.swift */; };
		FA79E23F265F5D3300483E51 /* LessonCompleteVC.swift in Sources */ = {isa = PBXBuildFile; fileRef = FA79E23E265F5D3300483E51 /* LessonCompleteVC.swift */; };
		FA79E2542661319500483E51 /* Assets.xcassets in Resources */ = {isa = PBXBuildFile; fileRef = FA79E2532661319500483E51 /* Assets.xcassets */; };
		FAB5EB04265C267800A83569 /* AppDelegate.swift in Sources */ = {isa = PBXBuildFile; fileRef = FAB5EB03265C267800A83569 /* AppDelegate.swift */; };
		FAB5EB06265C267800A83569 /* SceneDelegate.swift in Sources */ = {isa = PBXBuildFile; fileRef = FAB5EB05265C267800A83569 /* SceneDelegate.swift */; };
		FAB5EB08265C267800A83569 /* ViewController.swift in Sources */ = {isa = PBXBuildFile; fileRef = FAB5EB07265C267800A83569 /* ViewController.swift */; };
		FAB5EB0B265C267800A83569 /* Main.storyboard in Resources */ = {isa = PBXBuildFile; fileRef = FAB5EB09265C267800A83569 /* Main.storyboard */; };
		FAB5EB10265C267900A83569 /* LaunchScreen.storyboard in Resources */ = {isa = PBXBuildFile; fileRef = FAB5EB0E265C267900A83569 /* LaunchScreen.storyboard */; };
		FAB5EB19265C26C100A83569 /* CardData.swift in Sources */ = {isa = PBXBuildFile; fileRef = FAB5EB18265C26C100A83569 /* CardData.swift */; };
		FAB5EB1C265C26EA00A83569 /* CardModel.swift in Sources */ = {isa = PBXBuildFile; fileRef = FAB5EB1B265C26EA00A83569 /* CardModel.swift */; };
		FAB5EB1F265C270D00A83569 /* CardViewModel.swift in Sources */ = {isa = PBXBuildFile; fileRef = FAB5EB1E265C270D00A83569 /* CardViewModel.swift */; };
		FAB5EB23265C2BC000A83569 /* MyTableViewCell.swift in Sources */ = {isa = PBXBuildFile; fileRef = FAB5EB21265C2BC000A83569 /* MyTableViewCell.swift */; };
		FAB5EB24265C2BC000A83569 /* MyTableViewCell.xib in Resources */ = {isa = PBXBuildFile; fileRef = FAB5EB22265C2BC000A83569 /* MyTableViewCell.xib */; };
		FAB5EB57265CD38500A83569 /* CustomTabBar.swift in Sources */ = {isa = PBXBuildFile; fileRef = FAB5EB56265CD38500A83569 /* CustomTabBar.swift */; };
		FAE78B3D2664DCC600485DA7 /* BuildFile in Frameworks */ = {isa = PBXBuildFile; productRef = FAE78B3C2664DCC600485DA7 /* SwiftPackageProductDependency */; };
		FAE78B3F2664DCC600485DA7 /* BuildFile in Frameworks */ = {isa = PBXBuildFile; productRef = FAE78B3E2664DCC600485DA7 /* SwiftPackageProductDependency */; };
/* End PBXBuildFile section */

/* Begin PBXFileReference section */
		4AC4DDA840C154E6D0B311B8 /* Pods-EnglishJourney_2.debug.xcconfig */ = {isa = PBXFileReference; includeInIndex = 1; lastKnownFileType = text.xcconfig; name = "Pods-EnglishJourney_2.debug.xcconfig"; path = "Target Support Files/Pods-EnglishJourney_2/Pods-EnglishJourney_2.debug.xcconfig"; sourceTree = "<group>"; };
		B307A8A525B9322B980EA346 /* Pods-EnglishJourney_2.release.xcconfig */ = {isa = PBXFileReference; includeInIndex = 1; lastKnownFileType = text.xcconfig; name = "Pods-EnglishJourney_2.release.xcconfig"; path = "Target Support Files/Pods-EnglishJourney_2/Pods-EnglishJourney_2.release.xcconfig"; sourceTree = "<group>"; };
		E2087F6326229809F9941F32 /* libPods-EnglishJourney_2.a */ = {isa = PBXFileReference; explicitFileType = archive.ar; includeInIndex = 0; path = "libPods-EnglishJourney_2.a"; sourceTree = BUILT_PRODUCTS_DIR; };
		FA065EB12664163E00579460 /* GoogleService-Info.plist */ = {isa = PBXFileReference; fileEncoding = 4; lastKnownFileType = text.plist.xml; name = "GoogleService-Info.plist"; path = "../../../Downloads/GoogleService-Info.plist"; sourceTree = "<group>"; };
		FA11EE1B26618F4D00B61171 /* LogInVC.swift */ = {isa = PBXFileReference; lastKnownFileType = sourcecode.swift; path = LogInVC.swift; sourceTree = "<group>"; };
		FA11EE202662479D00B61171 /* UserProfileVC.swift */ = {isa = PBXFileReference; lastKnownFileType = sourcecode.swift; path = UserProfileVC.swift; sourceTree = "<group>"; };
		FA28022A265E3CEF00BE51E3 /* CardLessonVC.swift */ = {isa = PBXFileReference; lastKnownFileType = sourcecode.swift; path = CardLessonVC.swift; sourceTree = "<group>"; };
		FA36602726628E5C00A69B37 /* SignUpVC.swift */ = {isa = PBXFileReference; lastKnownFileType = sourcecode.swift; path = SignUpVC.swift; sourceTree = "<group>"; };
		FA36602C266399EF00A69B37 /* StringExtension.swift */ = {isa = PBXFileReference; lastKnownFileType = sourcecode.swift; path = StringExtension.swift; sourceTree = "<group>"; };
		FA36602F2663A20B00A69B37 /* Alert.swift */ = {isa = PBXFileReference; lastKnownFileType = sourcecode.swift; path = Alert.swift; sourceTree = "<group>"; };
		FA3660322663B1BD00A69B37 /* UIButton.swift */ = {isa = PBXFileReference; lastKnownFileType = sourcecode.swift; path = UIButton.swift; sourceTree = "<group>"; };
		FA79E23E265F5D3300483E51 /* LessonCompleteVC.swift */ = {isa = PBXFileReference; lastKnownFileType = sourcecode.swift; path = LessonCompleteVC.swift; sourceTree = "<group>"; };
		FA79E2532661319500483E51 /* Assets.xcassets */ = {isa = PBXFileReference; lastKnownFileType = folder.assetcatalog; path = Assets.xcassets; sourceTree = "<group>"; };
		FAB5EB00265C267800A83569 /* EnglishJourney_2.app */ = {isa = PBXFileReference; explicitFileType = wrapper.application; includeInIndex = 0; path = EnglishJourney_2.app; sourceTree = BUILT_PRODUCTS_DIR; };
		FAB5EB03265C267800A83569 /* AppDelegate.swift */ = {isa = PBXFileReference; lastKnownFileType = sourcecode.swift; path = AppDelegate.swift; sourceTree = "<group>"; };
		FAB5EB05265C267800A83569 /* SceneDelegate.swift */ = {isa = PBXFileReference; lastKnownFileType = sourcecode.swift; path = SceneDelegate.swift; sourceTree = "<group>"; };
		FAB5EB07265C267800A83569 /* ViewController.swift */ = {isa = PBXFileReference; lastKnownFileType = sourcecode.swift; path = ViewController.swift; sourceTree = "<group>"; };
		FAB5EB0A265C267800A83569 /* Base */ = {isa = PBXFileReference; lastKnownFileType = file.storyboard; name = Base; path = Base.lproj/Main.storyboard; sourceTree = "<group>"; };
		FAB5EB0F265C267900A83569 /* Base */ = {isa = PBXFileReference; lastKnownFileType = file.storyboard; name = Base; path = Base.lproj/LaunchScreen.storyboard; sourceTree = "<group>"; };
		FAB5EB11265C267900A83569 /* Info.plist */ = {isa = PBXFileReference; lastKnownFileType = text.plist.xml; path = Info.plist; sourceTree = "<group>"; };
		FAB5EB18265C26C100A83569 /* CardData.swift */ = {isa = PBXFileReference; lastKnownFileType = sourcecode.swift; path = CardData.swift; sourceTree = "<group>"; };
		FAB5EB1B265C26EA00A83569 /* CardModel.swift */ = {isa = PBXFileReference; lastKnownFileType = sourcecode.swift; path = CardModel.swift; sourceTree = "<group>"; };
		FAB5EB1E265C270D00A83569 /* CardViewModel.swift */ = {isa = PBXFileReference; lastKnownFileType = sourcecode.swift; path = CardViewModel.swift; sourceTree = "<group>"; };
		FAB5EB21265C2BC000A83569 /* MyTableViewCell.swift */ = {isa = PBXFileReference; lastKnownFileType = sourcecode.swift; path = MyTableViewCell.swift; sourceTree = "<group>"; };
		FAB5EB22265C2BC000A83569 /* MyTableViewCell.xib */ = {isa = PBXFileReference; lastKnownFileType = file.xib; path = MyTableViewCell.xib; sourceTree = "<group>"; };
		FAB5EB56265CD38500A83569 /* CustomTabBar.swift */ = {isa = PBXFileReference; lastKnownFileType = sourcecode.swift; path = CustomTabBar.swift; sourceTree = "<group>"; };
/* End PBXFileReference section */

/* Begin PBXFrameworksBuildPhase section */
		FAB5EAFD265C267800A83569 /* Frameworks */ = {
			isa = PBXFrameworksBuildPhase;
			buildActionMask = 2147483647;
			files = (
				FAE78B3D2664DCC600485DA7 /* BuildFile in Frameworks */,
				FAE78B3F2664DCC600485DA7 /* BuildFile in Frameworks */,
				A50798A75793EBB19102085C /* libPods-EnglishJourney_2.a in Frameworks */,
			);
			runOnlyForDeploymentPostprocessing = 0;
		};
/* End PBXFrameworksBuildPhase section */

/* Begin PBXGroup section */
		2FB091DBFD6A6B95CE175C7A /* Pods */ = {
			isa = PBXGroup;
			children = (
				4AC4DDA840C154E6D0B311B8 /* Pods-EnglishJourney_2.debug.xcconfig */,
				B307A8A525B9322B980EA346 /* Pods-EnglishJourney_2.release.xcconfig */,
			);
			path = Pods;
			sourceTree = "<group>";
		};
		640FB208A460813F8EB669EC /* Frameworks */ = {
			isa = PBXGroup;
			children = (
				E2087F6326229809F9941F32 /* libPods-EnglishJourney_2.a */,
			);
			name = Frameworks;
			sourceTree = "<group>";
		};
		FA36602B266399DF00A69B37 /* Extension */ = {
			isa = PBXGroup;
			children = (
				FA36602C266399EF00A69B37 /* StringExtension.swift */,
				FA3660322663B1BD00A69B37 /* UIButton.swift */,
			);
			path = Extension;
			sourceTree = "<group>";
		};
		FA79E2452660931100483E51 /* Model */ = {
			isa = PBXGroup;
			children = (
				FAB5EB18265C26C100A83569 /* CardData.swift */,
				FAB5EB1B265C26EA00A83569 /* CardModel.swift */,
			);
			path = Model;
			sourceTree = "<group>";
		};
		FA79E2462660931900483E51 /* View */ = {
			isa = PBXGroup;
			children = (
				FA11EE1B26618F4D00B61171 /* LogInVC.swift */,
				FA36602726628E5C00A69B37 /* SignUpVC.swift */,
				FAB5EB07265C267800A83569 /* ViewController.swift */,
				FAB5EB56265CD38500A83569 /* CustomTabBar.swift */,
				FA28022A265E3CEF00BE51E3 /* CardLessonVC.swift */,
				FA79E23E265F5D3300483E51 /* LessonCompleteVC.swift */,
				FA11EE202662479D00B61171 /* UserProfileVC.swift */,
			);
			path = View;
			sourceTree = "<group>";
		};
		FA79E2472660932000483E51 /* ViewModel */ = {
			isa = PBXGroup;
			children = (
				FAB5EB1E265C270D00A83569 /* CardViewModel.swift */,
			);
			path = ViewModel;
			sourceTree = "<group>";
		};
		FA79E2482660933C00483E51 /* Cell */ = {
			isa = PBXGroup;
			children = (
				FAB5EB21265C2BC000A83569 /* MyTableViewCell.swift */,
				FAB5EB22265C2BC000A83569 /* MyTableViewCell.xib */,
			);
			path = Cell;
			sourceTree = "<group>";
		};
		FAB5EAF7265C267700A83569 = {
			isa = PBXGroup;
			children = (
				FAB5EB02265C267800A83569 /* EnglishJourney_2 */,
				FAB5EB01265C267800A83569 /* Products */,
				2FB091DBFD6A6B95CE175C7A /* Pods */,
				640FB208A460813F8EB669EC /* Frameworks */,
			);
			sourceTree = "<group>";
		};
		FAB5EB01265C267800A83569 /* Products */ = {
			isa = PBXGroup;
			children = (
				FAB5EB00265C267800A83569 /* EnglishJourney_2.app */,
			);
			name = Products;
			sourceTree = "<group>";
		};
		FAB5EB02265C267800A83569 /* EnglishJourney_2 */ = {
			isa = PBXGroup;
			children = (
				FA36602B266399DF00A69B37 /* Extension */,
				FA79E2452660931100483E51 /* Model */,
				FA79E2462660931900483E51 /* View */,
				FA79E2472660932000483E51 /* ViewModel */,
				FA79E2482660933C00483E51 /* Cell */,
				FAB5EB09265C267800A83569 /* Main.storyboard */,
				FAB5EB03265C267800A83569 /* AppDelegate.swift */,
				FAB5EB05265C267800A83569 /* SceneDelegate.swift */,
				FAB5EB0E265C267900A83569 /* LaunchScreen.storyboard */,
				FAB5EB11265C267900A83569 /* Info.plist */,
				FA79E2532661319500483E51 /* Assets.xcassets */,
				FA36602F2663A20B00A69B37 /* Alert.swift */,
				FA065EB12664163E00579460 /* GoogleService-Info.plist */,
			);
			path = EnglishJourney_2;
			sourceTree = "<group>";
		};
/* End PBXGroup section */

/* Begin PBXNativeTarget section */
		FAB5EAFF265C267800A83569 /* EnglishJourney_2 */ = {
			isa = PBXNativeTarget;
			buildConfigurationList = FAB5EB14265C267900A83569 /* Build configuration list for PBXNativeTarget "EnglishJourney_2" */;
			buildPhases = (
				1FBB5AFAF8535BBD490A2EE0 /* [CP] Check Pods Manifest.lock */,
				FAB5EAFC265C267800A83569 /* Sources */,
				FAB5EAFD265C267800A83569 /* Frameworks */,
				FAB5EAFE265C267800A83569 /* Resources */,
				7F486BE1FAFCB0FD1F26544D /* [CP] Copy Pods Resources */,
			);
			buildRules = (
			);
			dependencies = (
			);
			name = EnglishJourney_2;
			packageProductDependencies = (
				FAE78B3C2664DCC600485DA7 /* SwiftPackageProductDependency */,
				FAE78B3E2664DCC600485DA7 /* SwiftPackageProductDependency */,
			);
			productName = EnglishJourney_2;
			productReference = FAB5EB00265C267800A83569 /* EnglishJourney_2.app */;
			productType = "com.apple.product-type.application";
		};
/* End PBXNativeTarget section */

/* Begin PBXProject section */
		FAB5EAF8265C267700A83569 /* Project object */ = {
			isa = PBXProject;
			attributes = {
				LastSwiftUpdateCheck = 1240;
				LastUpgradeCheck = 1240;
				TargetAttributes = {
					FAB5EAFF265C267800A83569 = {
						CreatedOnToolsVersion = 12.4;
					};
				};
			};
			buildConfigurationList = FAB5EAFB265C267700A83569 /* Build configuration list for PBXProject "EnglishJourney_2" */;
			compatibilityVersion = "Xcode 9.3";
			developmentRegion = en;
			hasScannedForEncodings = 0;
			knownRegions = (
				en,
				Base,
			);
			mainGroup = FAB5EAF7265C267700A83569;
			packageReferences = (
				FAE78B3B2664DCC600485DA7 /* RemoteSwiftPackageReference */,
			);
			productRefGroup = FAB5EB01265C267800A83569 /* Products */;
			projectDirPath = "";
			projectRoot = "";
			targets = (
				FAB5EAFF265C267800A83569 /* EnglishJourney_2 */,
			);
		};
/* End PBXProject section */

/* Begin PBXResourcesBuildPhase section */
		FAB5EAFE265C267800A83569 /* Resources */ = {
			isa = PBXResourcesBuildPhase;
			buildActionMask = 2147483647;
			files = (
				FAB5EB10265C267900A83569 /* LaunchScreen.storyboard in Resources */,
				FAB5EB24265C2BC000A83569 /* MyTableViewCell.xib in Resources */,
				FA065EB22664163E00579460 /* GoogleService-Info.plist in Resources */,
				FA79E2542661319500483E51 /* Assets.xcassets in Resources */,
				FAB5EB0B265C267800A83569 /* Main.storyboard in Resources */,
			);
			runOnlyForDeploymentPostprocessing = 0;
		};
/* End PBXResourcesBuildPhase section */

/* Begin PBXShellScriptBuildPhase section */
		1FBB5AFAF8535BBD490A2EE0 /* [CP] Check Pods Manifest.lock */ = {
			isa = PBXShellScriptBuildPhase;
			buildActionMask = 2147483647;
			files = (
			);
			inputFileListPaths = (
			);
			inputPaths = (
				"${PODS_PODFILE_DIR_PATH}/Podfile.lock",
				"${PODS_ROOT}/Manifest.lock",
			);
			name = "[CP] Check Pods Manifest.lock";
			outputFileListPaths = (
			);
			outputPaths = (
				"$(DERIVED_FILE_DIR)/Pods-EnglishJourney_2-checkManifestLockResult.txt",
			);
			runOnlyForDeploymentPostprocessing = 0;
			shellPath = /bin/sh;
			shellScript = "diff \"${PODS_PODFILE_DIR_PATH}/Podfile.lock\" \"${PODS_ROOT}/Manifest.lock\" > /dev/null\nif [ $? != 0 ] ; then\n    # print error to STDERR\n    echo \"error: The sandbox is not in sync with the Podfile.lock. Run 'pod install' or update your CocoaPods installation.\" >&2\n    exit 1\nfi\n# This output is used by Xcode 'outputs' to avoid re-running this script phase.\necho \"SUCCESS\" > \"${SCRIPT_OUTPUT_FILE_0}\"\n";
			showEnvVarsInLog = 0;
		};
		7F486BE1FAFCB0FD1F26544D /* [CP] Copy Pods Resources */ = {
			isa = PBXShellScriptBuildPhase;
			buildActionMask = 2147483647;
			files = (
			);
			inputFileListPaths = (
				"${PODS_ROOT}/Target Support Files/Pods-EnglishJourney_2/Pods-EnglishJourney_2-resources-${CONFIGURATION}-input-files.xcfilelist",
			);
			name = "[CP] Copy Pods Resources";
			outputFileListPaths = (
				"${PODS_ROOT}/Target Support Files/Pods-EnglishJourney_2/Pods-EnglishJourney_2-resources-${CONFIGURATION}-output-files.xcfilelist",
			);
			runOnlyForDeploymentPostprocessing = 0;
			shellPath = /bin/sh;
			shellScript = "\"${PODS_ROOT}/Target Support Files/Pods-EnglishJourney_2/Pods-EnglishJourney_2-resources.sh\"\n";
			showEnvVarsInLog = 0;
		};
/* End PBXShellScriptBuildPhase section */

/* Begin PBXSourcesBuildPhase section */
		FAB5EAFC265C267800A83569 /* Sources */ = {
			isa = PBXSourcesBuildPhase;
			buildActionMask = 2147483647;
			files = (
				FAB5EB23265C2BC000A83569 /* MyTableViewCell.swift in Sources */,
				FAB5EB08265C267800A83569 /* ViewController.swift in Sources */,
				FAB5EB19265C26C100A83569 /* CardData.swift in Sources */,
				FA3660332663B1BD00A69B37 /* UIButton.swift in Sources */,
				FA3660302663A20B00A69B37 /* Alert.swift in Sources */,
				FAB5EB1F265C270D00A83569 /* CardViewModel.swift in Sources */,
				FA28022B265E3CEF00BE51E3 /* CardLessonVC.swift in Sources */,
				FA79E23F265F5D3300483E51 /* LessonCompleteVC.swift in Sources */,
				FAB5EB57265CD38500A83569 /* CustomTabBar.swift in Sources */,
				FAB5EB04265C267800A83569 /* AppDelegate.swift in Sources */,
				FA36602D266399EF00A69B37 /* StringExtension.swift in Sources */,
				FA11EE1C26618F4D00B61171 /* LogInVC.swift in Sources */,
				FAB5EB06265C267800A83569 /* SceneDelegate.swift in Sources */,
				FA36602826628E5C00A69B37 /* SignUpVC.swift in Sources */,
				FAB5EB1C265C26EA00A83569 /* CardModel.swift in Sources */,
				FA11EE212662479D00B61171 /* UserProfileVC.swift in Sources */,
			);
			runOnlyForDeploymentPostprocessing = 0;
		};
/* End PBXSourcesBuildPhase section */

/* Begin PBXVariantGroup section */
		FAB5EB09265C267800A83569 /* Main.storyboard */ = {
			isa = PBXVariantGroup;
			children = (
				FAB5EB0A265C267800A83569 /* Base */,
			);
			name = Main.storyboard;
			sourceTree = "<group>";
		};
		FAB5EB0E265C267900A83569 /* LaunchScreen.storyboard */ = {
			isa = PBXVariantGroup;
			children = (
				FAB5EB0F265C267900A83569 /* Base */,
			);
			name = LaunchScreen.storyboard;
			sourceTree = "<group>";
		};
/* End PBXVariantGroup section */

/* Begin XCBuildConfiguration section */
		FAB5EB12265C267900A83569 /* Debug */ = {
			isa = XCBuildConfiguration;
			buildSettings = {
				ALWAYS_SEARCH_USER_PATHS = NO;
				CLANG_ANALYZER_NONNULL = YES;
				CLANG_ANALYZER_NUMBER_OBJECT_CONVERSION = YES_AGGRESSIVE;
				CLANG_CXX_LANGUAGE_STANDARD = "gnu++14";
				CLANG_CXX_LIBRARY = "libc++";
				CLANG_ENABLE_MODULES = YES;
				CLANG_ENABLE_OBJC_ARC = YES;
				CLANG_ENABLE_OBJC_WEAK = YES;
				CLANG_WARN_BLOCK_CAPTURE_AUTORELEASING = YES;
				CLANG_WARN_BOOL_CONVERSION = YES;
				CLANG_WARN_COMMA = YES;
				CLANG_WARN_CONSTANT_CONVERSION = YES;
				CLANG_WARN_DEPRECATED_OBJC_IMPLEMENTATIONS = YES;
				CLANG_WARN_DIRECT_OBJC_ISA_USAGE = YES_ERROR;
				CLANG_WARN_DOCUMENTATION_COMMENTS = YES;
				CLANG_WARN_EMPTY_BODY = YES;
				CLANG_WARN_ENUM_CONVERSION = YES;
				CLANG_WARN_INFINITE_RECURSION = YES;
				CLANG_WARN_INT_CONVERSION = YES;
				CLANG_WARN_NON_LITERAL_NULL_CONVERSION = YES;
				CLANG_WARN_OBJC_IMPLICIT_RETAIN_SELF = YES;
				CLANG_WARN_OBJC_LITERAL_CONVERSION = YES;
				CLANG_WARN_OBJC_ROOT_CLASS = YES_ERROR;
				CLANG_WARN_QUOTED_INCLUDE_IN_FRAMEWORK_HEADER = YES;
				CLANG_WARN_RANGE_LOOP_ANALYSIS = YES;
				CLANG_WARN_STRICT_PROTOTYPES = YES;
				CLANG_WARN_SUSPICIOUS_MOVE = YES;
				CLANG_WARN_UNGUARDED_AVAILABILITY = YES_AGGRESSIVE;
				CLANG_WARN_UNREACHABLE_CODE = YES;
				CLANG_WARN__DUPLICATE_METHOD_MATCH = YES;
				COPY_PHASE_STRIP = NO;
				DEBUG_INFORMATION_FORMAT = dwarf;
				ENABLE_STRICT_OBJC_MSGSEND = YES;
				ENABLE_TESTABILITY = YES;
				GCC_C_LANGUAGE_STANDARD = gnu11;
				GCC_DYNAMIC_NO_PIC = NO;
				GCC_NO_COMMON_BLOCKS = YES;
				GCC_OPTIMIZATION_LEVEL = 0;
				GCC_PREPROCESSOR_DEFINITIONS = (
					"DEBUG=1",
					"$(inherited)",
				);
				GCC_WARN_64_TO_32_BIT_CONVERSION = YES;
				GCC_WARN_ABOUT_RETURN_TYPE = YES_ERROR;
				GCC_WARN_UNDECLARED_SELECTOR = YES;
				GCC_WARN_UNINITIALIZED_AUTOS = YES_AGGRESSIVE;
				GCC_WARN_UNUSED_FUNCTION = YES;
				GCC_WARN_UNUSED_VARIABLE = YES;
				IPHONEOS_DEPLOYMENT_TARGET = 14.4;
				MTL_ENABLE_DEBUG_INFO = INCLUDE_SOURCE;
				MTL_FAST_MATH = YES;
				ONLY_ACTIVE_ARCH = YES;
				SDKROOT = iphoneos;
				SWIFT_ACTIVE_COMPILATION_CONDITIONS = DEBUG;
				SWIFT_OPTIMIZATION_LEVEL = "-Onone";
			};
			name = Debug;
		};
		FAB5EB13265C267900A83569 /* Release */ = {
			isa = XCBuildConfiguration;
			buildSettings = {
				ALWAYS_SEARCH_USER_PATHS = NO;
				CLANG_ANALYZER_NONNULL = YES;
				CLANG_ANALYZER_NUMBER_OBJECT_CONVERSION = YES_AGGRESSIVE;
				CLANG_CXX_LANGUAGE_STANDARD = "gnu++14";
				CLANG_CXX_LIBRARY = "libc++";
				CLANG_ENABLE_MODULES = YES;
				CLANG_ENABLE_OBJC_ARC = YES;
				CLANG_ENABLE_OBJC_WEAK = YES;
				CLANG_WARN_BLOCK_CAPTURE_AUTORELEASING = YES;
				CLANG_WARN_BOOL_CONVERSION = YES;
				CLANG_WARN_COMMA = YES;
				CLANG_WARN_CONSTANT_CONVERSION = YES;
				CLANG_WARN_DEPRECATED_OBJC_IMPLEMENTATIONS = YES;
				CLANG_WARN_DIRECT_OBJC_ISA_USAGE = YES_ERROR;
				CLANG_WARN_DOCUMENTATION_COMMENTS = YES;
				CLANG_WARN_EMPTY_BODY = YES;
				CLANG_WARN_ENUM_CONVERSION = YES;
				CLANG_WARN_INFINITE_RECURSION = YES;
				CLANG_WARN_INT_CONVERSION = YES;
				CLANG_WARN_NON_LITERAL_NULL_CONVERSION = YES;
				CLANG_WARN_OBJC_IMPLICIT_RETAIN_SELF = YES;
				CLANG_WARN_OBJC_LITERAL_CONVERSION = YES;
				CLANG_WARN_OBJC_ROOT_CLASS = YES_ERROR;
				CLANG_WARN_QUOTED_INCLUDE_IN_FRAMEWORK_HEADER = YES;
				CLANG_WARN_RANGE_LOOP_ANALYSIS = YES;
				CLANG_WARN_STRICT_PROTOTYPES = YES;
				CLANG_WARN_SUSPICIOUS_MOVE = YES;
				CLANG_WARN_UNGUARDED_AVAILABILITY = YES_AGGRESSIVE;
				CLANG_WARN_UNREACHABLE_CODE = YES;
				CLANG_WARN__DUPLICATE_METHOD_MATCH = YES;
				COPY_PHASE_STRIP = NO;
				DEBUG_INFORMATION_FORMAT = "dwarf-with-dsym";
				ENABLE_NS_ASSERTIONS = NO;
				ENABLE_STRICT_OBJC_MSGSEND = YES;
				GCC_C_LANGUAGE_STANDARD = gnu11;
				GCC_NO_COMMON_BLOCKS = YES;
				GCC_WARN_64_TO_32_BIT_CONVERSION = YES;
				GCC_WARN_ABOUT_RETURN_TYPE = YES_ERROR;
				GCC_WARN_UNDECLARED_SELECTOR = YES;
				GCC_WARN_UNINITIALIZED_AUTOS = YES_AGGRESSIVE;
				GCC_WARN_UNUSED_FUNCTION = YES;
				GCC_WARN_UNUSED_VARIABLE = YES;
				IPHONEOS_DEPLOYMENT_TARGET = 14.4;
				MTL_ENABLE_DEBUG_INFO = NO;
				MTL_FAST_MATH = YES;
				SDKROOT = iphoneos;
				SWIFT_COMPILATION_MODE = wholemodule;
				SWIFT_OPTIMIZATION_LEVEL = "-O";
				VALIDATE_PRODUCT = YES;
			};
			name = Release;
		};
		FAB5EB15265C267900A83569 /* Debug */ = {
			isa = XCBuildConfiguration;
			baseConfigurationReference = 4AC4DDA840C154E6D0B311B8 /* Pods-EnglishJourney_2.debug.xcconfig */;
			buildSettings = {
				ASSETCATALOG_COMPILER_APPICON_NAME = AppIcon;
				ASSETCATALOG_COMPILER_GLOBAL_ACCENT_COLOR_NAME = AccentColor;
				CODE_SIGN_STYLE = Automatic;
				DEVELOPMENT_TEAM = FG4734NR9F;
				INFOPLIST_FILE = EnglishJourney_2/Info.plist;
				LD_RUNPATH_SEARCH_PATHS = (
					"$(inherited)",
					"@executable_path/Frameworks",
				);
				PRODUCT_BUNDLE_IDENTIFIER = com.ieltsvuive.EnglishJourney;
				PRODUCT_NAME = "$(TARGET_NAME)";
				SWIFT_VERSION = 5.0;
				TARGETED_DEVICE_FAMILY = "1,2";
			};
			name = Debug;
		};
		FAB5EB16265C267900A83569 /* Release */ = {
			isa = XCBuildConfiguration;
			baseConfigurationReference = B307A8A525B9322B980EA346 /* Pods-EnglishJourney_2.release.xcconfig */;
			buildSettings = {
				ASSETCATALOG_COMPILER_APPICON_NAME = AppIcon;
				ASSETCATALOG_COMPILER_GLOBAL_ACCENT_COLOR_NAME = AccentColor;
				CODE_SIGN_STYLE = Automatic;
				DEVELOPMENT_TEAM = FG4734NR9F;
				INFOPLIST_FILE = EnglishJourney_2/Info.plist;
				LD_RUNPATH_SEARCH_PATHS = (
					"$(inherited)",
					"@executable_path/Frameworks",
				);
				PRODUCT_BUNDLE_IDENTIFIER = com.ieltsvuive.EnglishJourney;
				PRODUCT_NAME = "$(TARGET_NAME)";
				SWIFT_VERSION = 5.0;
				TARGETED_DEVICE_FAMILY = "1,2";
			};
			name = Release;
		};
/* End XCBuildConfiguration section */

/* Begin XCConfigurationList section */
		FAB5EAFB265C267700A83569 /* Build configuration list for PBXProject "EnglishJourney_2" */ = {
			isa = XCConfigurationList;
			buildConfigurations = (
				FAB5EB12265C267900A83569 /* Debug */,
				FAB5EB13265C267900A83569 /* Release */,
			);
			defaultConfigurationIsVisible = 0;
			defaultConfigurationName = Release;
		};
		FAB5EB14265C267900A83569 /* Build configuration list for PBXNativeTarget "EnglishJourney_2" */ = {
			isa = XCConfigurationList;
			buildConfigurations = (
				FAB5EB15265C267900A83569 /* Debug */,
				FAB5EB16265C267900A83569 /* Release */,
			);
			defaultConfigurationIsVisible = 0;
			defaultConfigurationName = Release;
		};
/* End XCConfigurationList section */

/* Begin XCRemoteSwiftPackageReference section */
		FAE78B3B2664DCC600485DA7 /* RemoteSwiftPackageReference */ = {
			isa = XCRemoteSwiftPackageReference;
			repositoryURL = "https://github.com/facebook/facebook-ios-sdk";
			requirement = {
				kind = upToNextMajorVersion;
				minimumVersion = 9.3.0;
			};
		};
/* End XCRemoteSwiftPackageReference section */

/* Begin XCSwiftPackageProductDependency section */
		FAE78B3C2664DCC600485DA7 /* SwiftPackageProductDependency */ = {
			isa = XCSwiftPackageProductDependency;
			package = FAE78B3B2664DCC600485DA7 /* RemoteSwiftPackageReference */;
			productName = FacebookLogin;
		};
		FAE78B3E2664DCC600485DA7 /* SwiftPackageProductDependency */ = {
			isa = XCSwiftPackageProductDependency;
			package = FAE78B3B2664DCC600485DA7 /* RemoteSwiftPackageReference */;
			productName = FacebookCore;
		};
/* End XCSwiftPackageProductDependency section */
	};
	rootObject = FAB5EAF8265C267700A83569 /* Project object */;
}
